
Microsoft Visual Studio Solution File, Format Version 12.00
# Visual Studio Version 17
VisualStudioVersion = 17.13.35919.96 d17.13
MinimumVisualStudioVersion = 10.0.40219.1
Project("{FAE04EC0-301F-11D3-BF4B-00C04F79EFBC}") = "ASPA_5_1", "ASPA_5_1\ASPA_5_1.csproj", "{0FD55435-89F7-4B64-855B-59129B5825FF}"
EndProject
Global
	GlobalSection(SolutionConfigurationPlatforms) = preSolution
		Debug|Any CPU = Debug|Any CPU
		Release|Any CPU = Release|Any CPU
	EndGlobalSection
	GlobalSection(ProjectConfigurationPlatforms) = postSolution
		{0FD55435-89F7-4B64-855B-59129B5825FF}.Debug|Any CPU.ActiveCfg = Debug|Any CPU
		{0FD55435-89F7-4B64-855B-59129B5825FF}.Debug|Any CPU.Build.0 = Debug|Any CPU
		{0FD55435-89F7-4B64-855B-59129B5825FF}.Release|Any CPU.ActiveCfg = Release|Any CPU
		{0FD55435-89F7-4B64-855B-59129B5825FF}.Release|Any CPU.Build.0 = Release|Any CPU
	EndGlobalSection
	GlobalSection(SolutionProperties) = preSolution
		HideSolutionNode = FALSE
	EndGlobalSection
	GlobalSection(ExtensibilityGlobals) = postSolution
		SolutionGuid = {549C1A63-E37A-4758-9E58-0B26BF8AD282}
	EndGlobalSection
EndGlobal
