
Microsoft Visual Studio Solution File, Format Version 12.00
# Visual Studio Version 17
VisualStudioVersion = 17.13.35806.99
MinimumVisualStudioVersion = 10.0.40219.1
Project("{8BC9CEB8-8B4A-11D0-8D11-00A0C91BC942}") = "4rtnite", "4rtnite\4rtnite.vcxproj", "{B27D6D7A-4B22-4F07-A143-3F0B82146694}"
EndProject
Project("{8BC9CEB8-8B4A-11D0-8D11-00A0C91BC942}") = "podp", "podp\podp.vcxproj", "{56528650-028F-43CF-94AA-82F236F42444}"
EndProject
Global
	GlobalSection(SolutionConfigurationPlatforms) = preSolution
		Debug|x64 = Debug|x64
		Debug|x86 = Debug|x86
		Release|x64 = Release|x64
		Release|x86 = Release|x86
	EndGlobalSection
	GlobalSection(ProjectConfigurationPlatforms) = postSolution
		{B27D6D7A-4B22-4F07-A143-3F0B82146694}.Debug|x64.ActiveCfg = Debug|x64
		{B27D6D7A-4B22-4F07-A143-3F0B82146694}.Debug|x64.Build.0 = Debug|x64
		{B27D6D7A-4B22-4F07-A143-3F0B82146694}.Debug|x86.ActiveCfg = Debug|Win32
		{B27D6D7A-4B22-4F07-A143-3F0B82146694}.Debug|x86.Build.0 = Debug|Win32
		{B27D6D7A-4B22-4F07-A143-3F0B82146694}.Release|x64.ActiveCfg = Release|x64
		{B27D6D7A-4B22-4F07-A143-3F0B82146694}.Release|x64.Build.0 = Release|x64
		{B27D6D7A-4B22-4F07-A143-3F0B82146694}.Release|x86.ActiveCfg = Release|Win32
		{B27D6D7A-4B22-4F07-A143-3F0B82146694}.Release|x86.Build.0 = Release|Win32
		{56528650-028F-43CF-94AA-82F236F42444}.Debug|x64.ActiveCfg = Debug|x64
		{56528650-028F-43CF-94AA-82F236F42444}.Debug|x64.Build.0 = Debug|x64
		{56528650-028F-43CF-94AA-82F236F42444}.Debug|x86.ActiveCfg = Debug|Win32
		{56528650-028F-43CF-94AA-82F236F42444}.Debug|x86.Build.0 = Debug|Win32
		{56528650-028F-43CF-94AA-82F236F42444}.Release|x64.ActiveCfg = Release|x64
		{56528650-028F-43CF-94AA-82F236F42444}.Release|x64.Build.0 = Release|x64
		{56528650-028F-43CF-94AA-82F236F42444}.Release|x86.ActiveCfg = Release|Win32
		{56528650-028F-43CF-94AA-82F236F42444}.Release|x86.Build.0 = Release|Win32
	EndGlobalSection
	GlobalSection(SolutionProperties) = preSolution
		HideSolutionNode = FALSE
	EndGlobalSection
	GlobalSection(ExtensibilityGlobals) = postSolution
		SolutionGuid = {F406C6DB-7C3B-4D34-98B3-BEF9A7740BCB}
	EndGlobalSection
EndGlobal
